// !$*UTF8*$!
{
	archiveVersion = 1;
	classes = {
	};
	objectVersion = 46;
	objects = {

/* Begin PBXBuildFile section */
		46525DE3B9FA46F98E3244FC /* libPods-BabaScriptClientTests.a in Frameworks */ = {isa = PBXBuildFile; fileRef = 54861BFF23914427A20C574D /* libPods-BabaScriptClientTests.a */; };
		9172B0F7CDFC407A8F106EFB /* libPods-BabaScriptClient.a in Frameworks */ = {isa = PBXBuildFile; fileRef = 7C8D5CBA6CD04306A89648E2 /* libPods-BabaScriptClient.a */; };
		E199632A189FDD530006E120 /* Foundation.framework in Frameworks */ = {isa = PBXBuildFile; fileRef = E1996329189FDD530006E120 /* Foundation.framework */; };
		E199632C189FDD530006E120 /* CoreGraphics.framework in Frameworks */ = {isa = PBXBuildFile; fileRef = E199632B189FDD530006E120 /* CoreGraphics.framework */; };
		E199632E189FDD530006E120 /* UIKit.framework in Frameworks */ = {isa = PBXBuildFile; fileRef = E199632D189FDD530006E120 /* UIKit.framework */; };
		E1996334189FDD530006E120 /* InfoPlist.strings in Resources */ = {isa = PBXBuildFile; fileRef = E1996332189FDD530006E120 /* InfoPlist.strings */; };
		E1996336189FDD530006E120 /* main.m in Sources */ = {isa = PBXBuildFile; fileRef = E1996335189FDD530006E120 /* main.m */; };
		E199633A189FDD530006E120 /* BSAppDelegate.m in Sources */ = {isa = PBXBuildFile; fileRef = E1996339189FDD530006E120 /* BSAppDelegate.m */; };
		E199633D189FDD530006E120 /* Main_iPhone.storyboard in Resources */ = {isa = PBXBuildFile; fileRef = E199633B189FDD530006E120 /* Main_iPhone.storyboard */; };
		E1996340189FDD530006E120 /* Main_iPad.storyboard in Resources */ = {isa = PBXBuildFile; fileRef = E199633E189FDD530006E120 /* Main_iPad.storyboard */; };
		E1996343189FDD530006E120 /* BSViewController.m in Sources */ = {isa = PBXBuildFile; fileRef = E1996342189FDD530006E120 /* BSViewController.m */; };
		E1996345189FDD530006E120 /* Images.xcassets in Resources */ = {isa = PBXBuildFile; fileRef = E1996344189FDD530006E120 /* Images.xcassets */; };
		E199634C189FDD530006E120 /* XCTest.framework in Frameworks */ = {isa = PBXBuildFile; fileRef = E199634B189FDD530006E120 /* XCTest.framework */; };
		E199634D189FDD530006E120 /* Foundation.framework in Frameworks */ = {isa = PBXBuildFile; fileRef = E1996329189FDD530006E120 /* Foundation.framework */; };
		E199634E189FDD530006E120 /* UIKit.framework in Frameworks */ = {isa = PBXBuildFile; fileRef = E199632D189FDD530006E120 /* UIKit.framework */; };
		E1996356189FDD530006E120 /* InfoPlist.strings in Resources */ = {isa = PBXBuildFile; fileRef = E1996354189FDD530006E120 /* InfoPlist.strings */; };
		E1996358189FDD530006E120 /* BabaScriptClientTests.m in Sources */ = {isa = PBXBuildFile; fileRef = E1996357189FDD530006E120 /* BabaScriptClientTests.m */; };
/* End PBXBuildFile section */

/* Begin PBXContainerItemProxy section */
		E199634F189FDD530006E120 /* PBXContainerItemProxy */ = {
			isa = PBXContainerItemProxy;
			containerPortal = E199631E189FDD530006E120 /* Project object */;
			proxyType = 1;
			remoteGlobalIDString = E1996325189FDD530006E120;
			remoteInfo = BabaScriptClient;
		};
/* End PBXContainerItemProxy section */

/* Begin PBXFileReference section */
		54861BFF23914427A20C574D /* libPods-BabaScriptClientTests.a */ = {isa = PBXFileReference; explicitFileType = archive.ar; includeInIndex = 0; path = "libPods-BabaScriptClientTests.a"; sourceTree = BUILT_PRODUCTS_DIR; };
		74B91FA5FFB344968C8D06DF /* Pods-BabaScriptClient.xcconfig */ = {isa = PBXFileReference; includeInIndex = 1; lastKnownFileType = text.xcconfig; name = "Pods-BabaScriptClient.xcconfig"; path = "Pods/Pods-BabaScriptClient.xcconfig"; sourceTree = "<group>"; };
		78D8D39F51EE4D62881763EF /* Pods-BabaScriptClientTests.xcconfig */ = {isa = PBXFileReference; includeInIndex = 1; lastKnownFileType = text.xcconfig; name = "Pods-BabaScriptClientTests.xcconfig"; path = "Pods/Pods-BabaScriptClientTests.xcconfig"; sourceTree = "<group>"; };
		7C8D5CBA6CD04306A89648E2 /* libPods-BabaScriptClient.a */ = {isa = PBXFileReference; explicitFileType = archive.ar; includeInIndex = 0; path = "libPods-BabaScriptClient.a"; sourceTree = BUILT_PRODUCTS_DIR; };
		E1996326189FDD530006E120 /* BabaScriptClient.app */ = {isa = PBXFileReference; explicitFileType = wrapper.application; includeInIndex = 0; path = BabaScriptClient.app; sourceTree = BUILT_PRODUCTS_DIR; };
		E1996329189FDD530006E120 /* Foundation.framework */ = {isa = PBXFileReference; lastKnownFileType = wrapper.framework; name = Foundation.framework; path = System/Library/Frameworks/Foundation.framework; sourceTree = SDKROOT; };
		E199632B189FDD530006E120 /* CoreGraphics.framework */ = {isa = PBXFileReference; lastKnownFileType = wrapper.framework; name = CoreGraphics.framework; path = System/Library/Frameworks/CoreGraphics.framework; sourceTree = SDKROOT; };
		E199632D189FDD530006E120 /* UIKit.framework */ = {isa = PBXFileReference; lastKnownFileType = wrapper.framework; name = UIKit.framework; path = System/Library/Frameworks/UIKit.framework; sourceTree = SDKROOT; };
		E1996331189FDD530006E120 /* BabaScriptClient-Info.plist */ = {isa = PBXFileReference; lastKnownFileType = text.plist.xml; path = "BabaScriptClient-Info.plist"; sourceTree = "<group>"; };
		E1996333189FDD530006E120 /* en */ = {isa = PBXFileReference; lastKnownFileType = text.plist.strings; name = en; path = en.lproj/InfoPlist.strings; sourceTree = "<group>"; };
		E1996335189FDD530006E120 /* main.m */ = {isa = PBXFileReference; lastKnownFileType = sourcecode.c.objc; path = main.m; sourceTree = "<group>"; };
		E1996337189FDD530006E120 /* BabaScriptClient-Prefix.pch */ = {isa = PBXFileReference; lastKnownFileType = sourcecode.c.h; path = "BabaScriptClient-Prefix.pch"; sourceTree = "<group>"; };
		E1996338189FDD530006E120 /* BSAppDelegate.h */ = {isa = PBXFileReference; lastKnownFileType = sourcecode.c.h; path = BSAppDelegate.h; sourceTree = "<group>"; };
		E1996339189FDD530006E120 /* BSAppDelegate.m */ = {isa = PBXFileReference; lastKnownFileType = sourcecode.c.objc; path = BSAppDelegate.m; sourceTree = "<group>"; };
		E199633C189FDD530006E120 /* Base */ = {isa = PBXFileReference; lastKnownFileType = file.storyboard; name = Base; path = Base.lproj/Main_iPhone.storyboard; sourceTree = "<group>"; };
		E199633F189FDD530006E120 /* Base */ = {isa = PBXFileReference; lastKnownFileType = file.storyboard; name = Base; path = Base.lproj/Main_iPad.storyboard; sourceTree = "<group>"; };
		E1996341189FDD530006E120 /* BSViewController.h */ = {isa = PBXFileReference; lastKnownFileType = sourcecode.c.h; path = BSViewController.h; sourceTree = "<group>"; };
		E1996342189FDD530006E120 /* BSViewController.m */ = {isa = PBXFileReference; lastKnownFileType = sourcecode.c.objc; path = BSViewController.m; sourceTree = "<group>"; };
		E1996344189FDD530006E120 /* Images.xcassets */ = {isa = PBXFileReference; lastKnownFileType = folder.assetcatalog; path = Images.xcassets; sourceTree = "<group>"; };
		E199634A189FDD530006E120 /* BabaScriptClientTests.xctest */ = {isa = PBXFileReference; explicitFileType = wrapper.cfbundle; includeInIndex = 0; path = BabaScriptClientTests.xctest; sourceTree = BUILT_PRODUCTS_DIR; };
		E199634B189FDD530006E120 /* XCTest.framework */ = {isa = PBXFileReference; lastKnownFileType = wrapper.framework; name = XCTest.framework; path = Library/Frameworks/XCTest.framework; sourceTree = DEVELOPER_DIR; };
		E1996353189FDD530006E120 /* BabaScriptClientTests-Info.plist */ = {isa = PBXFileReference; lastKnownFileType = text.plist.xml; path = "BabaScriptClientTests-Info.plist"; sourceTree = "<group>"; };
		E1996355189FDD530006E120 /* en */ = {isa = PBXFileReference; lastKnownFileType = text.plist.strings; name = en; path = en.lproj/InfoPlist.strings; sourceTree = "<group>"; };
		E1996357189FDD530006E120 /* BabaScriptClientTests.m */ = {isa = PBXFileReference; lastKnownFileType = sourcecode.c.objc; path = BabaScriptClientTests.m; sourceTree = "<group>"; };
		E199636118A00A660006E120 /* BabaScriptClient.entitlements */ = {isa = PBXFileReference; lastKnownFileType = text.xml; path = BabaScriptClient.entitlements; sourceTree = "<group>"; };
/* End PBXFileReference section */

/* Begin PBXFrameworksBuildPhase section */
		E1996323189FDD530006E120 /* Frameworks */ = {
			isa = PBXFrameworksBuildPhase;
			buildActionMask = 2147483647;
			files = (
				E199632C189FDD530006E120 /* CoreGraphics.framework in Frameworks */,
				E199632E189FDD530006E120 /* UIKit.framework in Frameworks */,
				E199632A189FDD530006E120 /* Foundation.framework in Frameworks */,
				9172B0F7CDFC407A8F106EFB /* libPods-BabaScriptClient.a in Frameworks */,
			);
			runOnlyForDeploymentPostprocessing = 0;
		};
		E1996347189FDD530006E120 /* Frameworks */ = {
			isa = PBXFrameworksBuildPhase;
			buildActionMask = 2147483647;
			files = (
				E199634C189FDD530006E120 /* XCTest.framework in Frameworks */,
				E199634E189FDD530006E120 /* UIKit.framework in Frameworks */,
				E199634D189FDD530006E120 /* Foundation.framework in Frameworks */,
				46525DE3B9FA46F98E3244FC /* libPods-BabaScriptClientTests.a in Frameworks */,
			);
			runOnlyForDeploymentPostprocessing = 0;
		};
/* End PBXFrameworksBuildPhase section */

/* Begin PBXGroup section */
		E199631D189FDD530006E120 = {
			isa = PBXGroup;
			children = (
				E199632F189FDD530006E120 /* BabaScriptClient */,
				E1996351189FDD530006E120 /* BabaScriptClientTests */,
				E1996328189FDD530006E120 /* Frameworks */,
				E1996327189FDD530006E120 /* Products */,
				74B91FA5FFB344968C8D06DF /* Pods-BabaScriptClient.xcconfig */,
				78D8D39F51EE4D62881763EF /* Pods-BabaScriptClientTests.xcconfig */,
			);
			sourceTree = "<group>";
		};
		E1996327189FDD530006E120 /* Products */ = {
			isa = PBXGroup;
			children = (
				E1996326189FDD530006E120 /* BabaScriptClient.app */,
				E199634A189FDD530006E120 /* BabaScriptClientTests.xctest */,
			);
			name = Products;
			sourceTree = "<group>";
		};
		E1996328189FDD530006E120 /* Frameworks */ = {
			isa = PBXGroup;
			children = (
				E1996329189FDD530006E120 /* Foundation.framework */,
				E199632B189FDD530006E120 /* CoreGraphics.framework */,
				E199632D189FDD530006E120 /* UIKit.framework */,
				E199634B189FDD530006E120 /* XCTest.framework */,
				7C8D5CBA6CD04306A89648E2 /* libPods-BabaScriptClient.a */,
				54861BFF23914427A20C574D /* libPods-BabaScriptClientTests.a */,
			);
			name = Frameworks;
			sourceTree = "<group>";
		};
		E199632F189FDD530006E120 /* BabaScriptClient */ = {
			isa = PBXGroup;
			children = (
				E199636118A00A660006E120 /* BabaScriptClient.entitlements */,
				E1996338189FDD530006E120 /* BSAppDelegate.h */,
				E1996339189FDD530006E120 /* BSAppDelegate.m */,
				E199633B189FDD530006E120 /* Main_iPhone.storyboard */,
				E199633E189FDD530006E120 /* Main_iPad.storyboard */,
				E1996341189FDD530006E120 /* BSViewController.h */,
				E1996342189FDD530006E120 /* BSViewController.m */,
				E1996344189FDD530006E120 /* Images.xcassets */,
				E1996330189FDD530006E120 /* Supporting Files */,
			);
			path = BabaScriptClient;
			sourceTree = "<group>";
		};
		E1996330189FDD530006E120 /* Supporting Files */ = {
			isa = PBXGroup;
			children = (
				E1996331189FDD530006E120 /* BabaScriptClient-Info.plist */,
				E1996332189FDD530006E120 /* InfoPlist.strings */,
				E1996335189FDD530006E120 /* main.m */,
				E1996337189FDD530006E120 /* BabaScriptClient-Prefix.pch */,
			);
			name = "Supporting Files";
			sourceTree = "<group>";
		};
		E1996351189FDD530006E120 /* BabaScriptClientTests */ = {
			isa = PBXGroup;
			children = (
				E1996357189FDD530006E120 /* BabaScriptClientTests.m */,
				E1996352189FDD530006E120 /* Supporting Files */,
			);
			path = BabaScriptClientTests;
			sourceTree = "<group>";
		};
		E1996352189FDD530006E120 /* Supporting Files */ = {
			isa = PBXGroup;
			children = (
				E1996353189FDD530006E120 /* BabaScriptClientTests-Info.plist */,
				E1996354189FDD530006E120 /* InfoPlist.strings */,
			);
			name = "Supporting Files";
			sourceTree = "<group>";
		};
/* End PBXGroup section */

/* Begin PBXNativeTarget section */
		E1996325189FDD530006E120 /* BabaScriptClient */ = {
			isa = PBXNativeTarget;
			buildConfigurationList = E199635B189FDD530006E120 /* Build configuration list for PBXNativeTarget "BabaScriptClient" */;
			buildPhases = (
				C866EF5D9305495FAE29D5B5 /* Check Pods Manifest.lock */,
				E1996322189FDD530006E120 /* Sources */,
				E1996323189FDD530006E120 /* Frameworks */,
				E1996324189FDD530006E120 /* Resources */,
				A1034853875D4ECC87B34951 /* Copy Pods Resources */,
			);
			buildRules = (
			);
			dependencies = (
			);
			name = BabaScriptClient;
			productName = BabaScriptClient;
			productReference = E1996326189FDD530006E120 /* BabaScriptClient.app */;
			productType = "com.apple.product-type.application";
		};
		E1996349189FDD530006E120 /* BabaScriptClientTests */ = {
			isa = PBXNativeTarget;
			buildConfigurationList = E199635E189FDD530006E120 /* Build configuration list for PBXNativeTarget "BabaScriptClientTests" */;
			buildPhases = (
				C649CFB09AE449818F8C8693 /* Check Pods Manifest.lock */,
				E1996346189FDD530006E120 /* Sources */,
				E1996347189FDD530006E120 /* Frameworks */,
				E1996348189FDD530006E120 /* Resources */,
				029E6ED53A8747AAB379F742 /* Copy Pods Resources */,
			);
			buildRules = (
			);
			dependencies = (
				E1996350189FDD530006E120 /* PBXTargetDependency */,
			);
			name = BabaScriptClientTests;
			productName = BabaScriptClientTests;
			productReference = E199634A189FDD530006E120 /* BabaScriptClientTests.xctest */;
			productType = "com.apple.product-type.bundle.unit-test";
		};
/* End PBXNativeTarget section */

/* Begin PBXProject section */
		E199631E189FDD530006E120 /* Project object */ = {
			isa = PBXProject;
			attributes = {
				CLASSPREFIX = BS;
				LastUpgradeCheck = 0500;
				ORGANIZATIONNAME = TakumiBaba;
				TargetAttributes = {
					E1996325189FDD530006E120 = {
						DevelopmentTeam = Y335AE98H3;
						SystemCapabilities = {
							com.apple.BackgroundModes = {
								enabled = 1;
							};
							com.apple.Keychain = {
								enabled = 0;
							};
						};
					};
					E1996349189FDD530006E120 = {
						TestTargetID = E1996325189FDD530006E120;
					};
				};
			};
			buildConfigurationList = E1996321189FDD530006E120 /* Build configuration list for PBXProject "BabaScriptClient" */;
			compatibilityVersion = "Xcode 3.2";
			developmentRegion = English;
			hasScannedForEncodings = 0;
			knownRegions = (
				en,
				Base,
			);
			mainGroup = E199631D189FDD530006E120;
			productRefGroup = E1996327189FDD530006E120 /* Products */;
			projectDirPath = "";
			projectRoot = "";
			targets = (
				E1996325189FDD530006E120 /* BabaScriptClient */,
				E1996349189FDD530006E120 /* BabaScriptClientTests */,
			);
		};
/* End PBXProject section */

/* Begin PBXResourcesBuildPhase section */
		E1996324189FDD530006E120 /* Resources */ = {
			isa = PBXResourcesBuildPhase;
			buildActionMask = 2147483647;
			files = (
				E1996340189FDD530006E120 /* Main_iPad.storyboard in Resources */,
				E1996345189FDD530006E120 /* Images.xcassets in Resources */,
				E199633D189FDD530006E120 /* Main_iPhone.storyboard in Resources */,
				E1996334189FDD530006E120 /* InfoPlist.strings in Resources */,
			);
			runOnlyForDeploymentPostprocessing = 0;
		};
		E1996348189FDD530006E120 /* Resources */ = {
			isa = PBXResourcesBuildPhase;
			buildActionMask = 2147483647;
			files = (
				E1996356189FDD530006E120 /* InfoPlist.strings in Resources */,
			);
			runOnlyForDeploymentPostprocessing = 0;
		};
/* End PBXResourcesBuildPhase section */

/* Begin PBXShellScriptBuildPhase section */
		029E6ED53A8747AAB379F742 /* Copy Pods Resources */ = {
			isa = PBXShellScriptBuildPhase;
			buildActionMask = 2147483647;
			files = (
			);
			inputPaths = (
			);
			name = "Copy Pods Resources";
			outputPaths = (
			);
			runOnlyForDeploymentPostprocessing = 0;
			shellPath = /bin/sh;
			shellScript = "\"${SRCROOT}/Pods/Pods-BabaScriptClientTests-resources.sh\"\n";
			showEnvVarsInLog = 0;
		};
		A1034853875D4ECC87B34951 /* Copy Pods Resources */ = {
			isa = PBXShellScriptBuildPhase;
			buildActionMask = 2147483647;
			files = (
			);
			inputPaths = (
			);
			name = "Copy Pods Resources";
			outputPaths = (
			);
			runOnlyForDeploymentPostprocessing = 0;
			shellPath = /bin/sh;
			shellScript = "\"${SRCROOT}/Pods/Pods-BabaScriptClient-resources.sh\"\n";
			showEnvVarsInLog = 0;
		};
		C649CFB09AE449818F8C8693 /* Check Pods Manifest.lock */ = {
			isa = PBXShellScriptBuildPhase;
			buildActionMask = 2147483647;
			files = (
			);
			inputPaths = (
			);
			name = "Check Pods Manifest.lock";
			outputPaths = (
			);
			runOnlyForDeploymentPostprocessing = 0;
			shellPath = /bin/sh;
			shellScript = "diff \"${PODS_ROOT}/../Podfile.lock\" \"${PODS_ROOT}/Manifest.lock\" > /dev/null\nif [[ $? != 0 ]] ; then\n    cat << EOM\nerror: The sandbox is not in sync with the Podfile.lock. Run 'pod install' or update your CocoaPods installation.\nEOM\n    exit 1\nfi\n";
			showEnvVarsInLog = 0;
		};
		C866EF5D9305495FAE29D5B5 /* Check Pods Manifest.lock */ = {
			isa = PBXShellScriptBuildPhase;
			buildActionMask = 2147483647;
			files = (
			);
			inputPaths = (
			);
			name = "Check Pods Manifest.lock";
			outputPaths = (
			);
			runOnlyForDeploymentPostprocessing = 0;
			shellPath = /bin/sh;
			shellScript = "diff \"${PODS_ROOT}/../Podfile.lock\" \"${PODS_ROOT}/Manifest.lock\" > /dev/null\nif [[ $? != 0 ]] ; then\n    cat << EOM\nerror: The sandbox is not in sync with the Podfile.lock. Run 'pod install' or update your CocoaPods installation.\nEOM\n    exit 1\nfi\n";
			showEnvVarsInLog = 0;
		};
/* End PBXShellScriptBuildPhase section */

/* Begin PBXSourcesBuildPhase section */
		E1996322189FDD530006E120 /* Sources */ = {
			isa = PBXSourcesBuildPhase;
			buildActionMask = 2147483647;
			files = (
				E1996343189FDD530006E120 /* BSViewController.m in Sources */,
				E1996336189FDD530006E120 /* main.m in Sources */,
				E199633A189FDD530006E120 /* BSAppDelegate.m in Sources */,
			);
			runOnlyForDeploymentPostprocessing = 0;
		};
		E1996346189FDD530006E120 /* Sources */ = {
			isa = PBXSourcesBuildPhase;
			buildActionMask = 2147483647;
			files = (
				E1996358189FDD530006E120 /* BabaScriptClientTests.m in Sources */,
			);
			runOnlyForDeploymentPostprocessing = 0;
		};
/* End PBXSourcesBuildPhase section */

/* Begin PBXTargetDependency section */
		E1996350189FDD530006E120 /* PBXTargetDependency */ = {
			isa = PBXTargetDependency;
			target = E1996325189FDD530006E120 /* BabaScriptClient */;
			targetProxy = E199634F189FDD530006E120 /* PBXContainerItemProxy */;
		};
/* End PBXTargetDependency section */

/* Begin PBXVariantGroup section */
		E1996332189FDD530006E120 /* InfoPlist.strings */ = {
			isa = PBXVariantGroup;
			children = (
				E1996333189FDD530006E120 /* en */,
			);
			name = InfoPlist.strings;
			sourceTree = "<group>";
		};
		E199633B189FDD530006E120 /* Main_iPhone.storyboard */ = {
			isa = PBXVariantGroup;
			children = (
				E199633C189FDD530006E120 /* Base */,
			);
			name = Main_iPhone.storyboard;
			sourceTree = "<group>";
		};
		E199633E189FDD530006E120 /* Main_iPad.storyboard */ = {
			isa = PBXVariantGroup;
			children = (
				E199633F189FDD530006E120 /* Base */,
			);
			name = Main_iPad.storyboard;
			sourceTree = "<group>";
		};
		E1996354189FDD530006E120 /* InfoPlist.strings */ = {
			isa = PBXVariantGroup;
			children = (
				E1996355189FDD530006E120 /* en */,
			);
			name = InfoPlist.strings;
			sourceTree = "<group>";
		};
/* End PBXVariantGroup section */

/* Begin XCBuildConfiguration section */
		E1996359189FDD530006E120 /* Debug */ = {
			isa = XCBuildConfiguration;
			buildSettings = {
				ALWAYS_SEARCH_USER_PATHS = NO;
				ARCHS = "$(ARCHS_STANDARD_INCLUDING_64_BIT)";
				CLANG_CXX_LANGUAGE_STANDARD = "gnu++0x";
				CLANG_CXX_LIBRARY = "libc++";
				CLANG_ENABLE_MODULES = YES;
				CLANG_ENABLE_OBJC_ARC = YES;
				CLANG_WARN_BOOL_CONVERSION = YES;
				CLANG_WARN_CONSTANT_CONVERSION = YES;
				CLANG_WARN_DIRECT_OBJC_ISA_USAGE = YES_ERROR;
				CLANG_WARN_EMPTY_BODY = YES;
				CLANG_WARN_ENUM_CONVERSION = YES;
				CLANG_WARN_INT_CONVERSION = YES;
				CLANG_WARN_OBJC_ROOT_CLASS = YES_ERROR;
				CLANG_WARN__DUPLICATE_METHOD_MATCH = YES;
				"CODE_SIGN_IDENTITY[sdk=iphoneos*]" = "Apple Development IOS Push Services: org.babascript.ios.BabaScriptClient";
				COPY_PHASE_STRIP = NO;
				GCC_C_LANGUAGE_STANDARD = gnu99;
				GCC_DYNAMIC_NO_PIC = NO;
				GCC_OPTIMIZATION_LEVEL = 0;
				GCC_PREPROCESSOR_DEFINITIONS = (
					"DEBUG=1",
					"$(inherited)",
				);
				GCC_SYMBOLS_PRIVATE_EXTERN = NO;
				GCC_WARN_64_TO_32_BIT_CONVERSION = YES;
				GCC_WARN_ABOUT_RETURN_TYPE = YES_ERROR;
				GCC_WARN_UNDECLARED_SELECTOR = YES;
				GCC_WARN_UNINITIALIZED_AUTOS = YES;
				GCC_WARN_UNUSED_FUNCTION = YES;
				GCC_WARN_UNUSED_VARIABLE = YES;
				IPHONEOS_DEPLOYMENT_TARGET = 7.0;
				ONLY_ACTIVE_ARCH = YES;
				SDKROOT = iphoneos;
				TARGETED_DEVICE_FAMILY = "1,2";
			};
			name = Debug;
		};
		E199635A189FDD530006E120 /* Release */ = {
			isa = XCBuildConfiguration;
			buildSettings = {
				ALWAYS_SEARCH_USER_PATHS = NO;
				ARCHS = "$(ARCHS_STANDARD_INCLUDING_64_BIT)";
				CLANG_CXX_LANGUAGE_STANDARD = "gnu++0x";
				CLANG_CXX_LIBRARY = "libc++";
				CLANG_ENABLE_MODULES = YES;
				CLANG_ENABLE_OBJC_ARC = YES;
				CLANG_WARN_BOOL_CONVERSION = YES;
				CLANG_WARN_CONSTANT_CONVERSION = YES;
				CLANG_WARN_DIRECT_OBJC_ISA_USAGE = YES_ERROR;
				CLANG_WARN_EMPTY_BODY = YES;
				CLANG_WARN_ENUM_CONVERSION = YES;
				CLANG_WARN_INT_CONVERSION = YES;
				CLANG_WARN_OBJC_ROOT_CLASS = YES_ERROR;
				CLANG_WARN__DUPLICATE_METHOD_MATCH = YES;
				"CODE_SIGN_IDENTITY[sdk=iphoneos*]" = "Apple Development IOS Push Services: org.babascript.ios.BabaScriptClient";
				COPY_PHASE_STRIP = YES;
				ENABLE_NS_ASSERTIONS = NO;
				GCC_C_LANGUAGE_STANDARD = gnu99;
				GCC_WARN_64_TO_32_BIT_CONVERSION = YES;
				GCC_WARN_ABOUT_RETURN_TYPE = YES_ERROR;
				GCC_WARN_UNDECLARED_SELECTOR = YES;
				GCC_WARN_UNINITIALIZED_AUTOS = YES;
				GCC_WARN_UNUSED_FUNCTION = YES;
				GCC_WARN_UNUSED_VARIABLE = YES;
				IPHONEOS_DEPLOYMENT_TARGET = 7.0;
				SDKROOT = iphoneos;
				TARGETED_DEVICE_FAMILY = "1,2";
				VALIDATE_PRODUCT = YES;
			};
			name = Release;
		};
		E199635C189FDD530006E120 /* Debug */ = {
			isa = XCBuildConfiguration;
			baseConfigurationReference = 74B91FA5FFB344968C8D06DF /* Pods-BabaScriptClient.xcconfig */;
			buildSettings = {
				ASSETCATALOG_COMPILER_APPICON_NAME = AppIcon;
				ASSETCATALOG_COMPILER_LAUNCHIMAGE_NAME = LaunchImage;
				CODE_SIGN_IDENTITY = "Apple Development IOS Push Services: org.babascript.ios.BabaScriptClient";
				"CODE_SIGN_IDENTITY[sdk=iphoneos*]" = "iPhone Developer";
				GCC_PRECOMPILE_PREFIX_HEADER = YES;
				GCC_PREFIX_HEADER = "BabaScriptClient/BabaScriptClient-Prefix.pch";
				INFOPLIST_FILE = "BabaScriptClient/BabaScriptClient-Info.plist";
				PRODUCT_NAME = "$(TARGET_NAME)";
				PROVISIONING_PROFILE = "";
				WRAPPER_EXTENSION = app;
			};
			name = Debug;
		};
		E199635D189FDD530006E120 /* Release */ = {
			isa = XCBuildConfiguration;
			baseConfigurationReference = 74B91FA5FFB344968C8D06DF /* Pods-BabaScriptClient.xcconfig */;
			buildSettings = {
				ASSETCATALOG_COMPILER_APPICON_NAME = AppIcon;
				ASSETCATALOG_COMPILER_LAUNCHIMAGE_NAME = LaunchImage;
				CODE_SIGN_IDENTITY = "Apple Development IOS Push Services: org.babascript.ios.BabaScriptClient";
				"CODE_SIGN_IDENTITY[sdk=iphoneos*]" = "iPhone Developer";
				GCC_PRECOMPILE_PREFIX_HEADER = YES;
				GCC_PREFIX_HEADER = "BabaScriptClient/BabaScriptClient-Prefix.pch";
				INFOPLIST_FILE = "BabaScriptClient/BabaScriptClient-Info.plist";
				PRODUCT_NAME = "$(TARGET_NAME)";
				PROVISIONING_PROFILE = "";
				WRAPPER_EXTENSION = app;
			};
			name = Release;
		};
		E199635F189FDD530006E120 /* Debug */ = {
			isa = XCBuildConfiguration;
			baseConfigurationReference = 78D8D39F51EE4D62881763EF /* Pods-BabaScriptClientTests.xcconfig */;
			buildSettings = {
				ARCHS = "$(ARCHS_STANDARD_INCLUDING_64_BIT)";
				BUNDLE_LOADER = "$(BUILT_PRODUCTS_DIR)/BabaScriptClient.app/BabaScriptClient";
				FRAMEWORK_SEARCH_PATHS = (
					"$(SDKROOT)/Developer/Library/Frameworks",
					"$(inherited)",
					"$(DEVELOPER_FRAMEWORKS_DIR)",
				);
				GCC_PRECOMPILE_PREFIX_HEADER = YES;
				GCC_PREFIX_HEADER = "BabaScriptClient/BabaScriptClient-Prefix.pch";
				GCC_PREPROCESSOR_DEFINITIONS = (
					"DEBUG=1",
					"$(inherited)",
				);
				INFOPLIST_FILE = "BabaScriptClientTests/BabaScriptClientTests-Info.plist";
				PRODUCT_NAME = "$(TARGET_NAME)";
				TEST_HOST = "$(BUNDLE_LOADER)";
				WRAPPER_EXTENSION = xctest;
			};
			name = Debug;
		};
		E1996360189FDD530006E120 /* Release */ = {
			isa = XCBuildConfiguration;
			baseConfigurationReference = 78D8D39F51EE4D62881763EF /* Pods-BabaScriptClientTests.xcconfig */;
			buildSettings = {
				ARCHS = "$(ARCHS_STANDARD_INCLUDING_64_BIT)";
				BUNDLE_LOADER = "$(BUILT_PRODUCTS_DIR)/BabaScriptClient.app/BabaScriptClient";
				FRAMEWORK_SEARCH_PATHS = (
					"$(SDKROOT)/Developer/Library/Frameworks",
					"$(inherited)",
					"$(DEVELOPER_FRAMEWORKS_DIR)",
				);
				GCC_PRECOMPILE_PREFIX_HEADER = YES;
				GCC_PREFIX_HEADER = "BabaScriptClient/BabaScriptClient-Prefix.pch";
				INFOPLIST_FILE = "BabaScriptClientTests/BabaScriptClientTests-Info.plist";
				PRODUCT_NAME = "$(TARGET_NAME)";
				TEST_HOST = "$(BUNDLE_LOADER)";
				WRAPPER_EXTENSION = xctest;
			};
			name = Release;
		};
/* End XCBuildConfiguration section */

/* Begin XCConfigurationList section */
		E1996321189FDD530006E120 /* Build configuration list for PBXProject "BabaScriptClient" */ = {
			isa = XCConfigurationList;
			buildConfigurations = (
				E1996359189FDD530006E120 /* Debug */,
				E199635A189FDD530006E120 /* Release */,
			);
			defaultConfigurationIsVisible = 0;
			defaultConfigurationName = Release;
		};
		E199635B189FDD530006E120 /* Build configuration list for PBXNativeTarget "BabaScriptClient" */ = {
			isa = XCConfigurationList;
			buildConfigurations = (
				E199635C189FDD530006E120 /* Debug */,
				E199635D189FDD530006E120 /* Release */,
			);
			defaultConfigurationIsVisible = 0;
			defaultConfigurationName = Release;
		};
		E199635E189FDD530006E120 /* Build configuration list for PBXNativeTarget "BabaScriptClientTests" */ = {
			isa = XCConfigurationList;
			buildConfigurations = (
				E199635F189FDD530006E120 /* Debug */,
				E1996360189FDD530006E120 /* Release */,
			);
			defaultConfigurationIsVisible = 0;
			defaultConfigurationName = Release;
		};
/* End XCConfigurationList section */
	};
	rootObject = E199631E189FDD530006E120 /* Project object */;
}
